PODS:
  - BRCybertron (0.1.0):
    - BRCybertron/Core (= 0.1.0)
  - BRCybertron/Core (0.1.0):
    - BRCybertron/libxslt
  - BRCybertron/libxslt (0.1.0)
  - JSONSyntaxHighlight (1.0.0)

DEPENDENCIES:
  - BRCybertron (from `../`)
  - JSONSyntaxHighlight

EXTERNAL SOURCES:
  BRCybertron:
    :path: ../

SPEC CHECKSUMS:
  BRCybertron: a2e74eea9a1d53e854befbc12303fe8918cc87dd
  JSONSyntaxHighlight: 8685d8ad0259b909dc97a829fdfbefbec363f449

COCOAPODS: 0.39.0
